{
  "version": 1,
  "dependencies": {
    "net8.0": {
      "DotNet.ReproducibleBuilds": {
        "type": "Direct",
        "requested": "[1.2.4, )",
        "resolved": "1.2.4",
        "contentHash": "Ch9U74tQA2fQH+U0hcYH7WyIFUfAq7jrjgSHVu2FAcYiMBtbrCMyq2nGA/ZZnB2jSaUeOOYiCjxeaDVB7Ssbdw=="
      },
      "Klinkby.VCard": {
        "type": "Direct",
        "requested": "[2.0.0, )",
        "resolved": "2.0.0",
        "contentHash": "hJP4KbvTzBT67RP8E0K11i2UkCfYFo9dL/wz+ONDDDzX1D/cPlg9EArMFytrUa2QpWK04nD9pPiPyfUH5wNJyw=="
      },
      "Microsoft.Extensions.Logging.Abstractions": {
        "type": "Direct",
        "requested": "[8.0.2, )",
        "resolved": "8.0.2",
        "contentHash": "nroMDjS7hNBPtkZqVBbSiQaQjWRDxITI8Y7XnDs97rqG3EbzVTNLZQf7bIeUJcaHOV8bca47s1Uxq94+2oGdxA==",
        "dependencies": {
          "Microsoft.Extensions.DependencyInjection.Abstractions": "8.0.2"
        }
      },
      "Microsoft.Extensions.Options": {
        "type": "Direct",
        "requested": "[8.0.2, )",
        "resolved": "8.0.2",
        "contentHash": "dWGKvhFybsaZpGmzkGCbNNwBD1rVlWzrZKANLW/CcbFJpCEceMCGzT7zZwHOGBCbwM0SzBuceMj5HN1LKV1QqA==",
        "dependencies": {
          "Microsoft.Extensions.DependencyInjection.Abstractions": "8.0.0",
          "Microsoft.Extensions.Primitives": "8.0.0"
        }
      },
      "RestSharp": {
        "type": "Direct",
        "requested": "[112.1.0, )",
        "resolved": "112.1.0",
        "contentHash": "bOUGNZqhhv/QeCXHTKEUil846yBjwWXpzPKjO67kFvaAOoF361z7jLY5BMnuZ6WD2WQRA750sNMcK7MSPCQ5Mg=="
      },
      "Microsoft.Extensions.DependencyInjection.Abstractions": {
        "type": "Transitive",
        "resolved": "8.0.2",
        "contentHash": "3iE7UF7MQkCv1cxzCahz+Y/guQbTqieyxyaWKhrRO91itI9cOKO76OHeQDahqG4MmW5umr3CcCvGmK92lWNlbg=="
      },
      "Microsoft.Extensions.Primitives": {
        "type": "Transitive",
        "resolved": "8.0.0",
        "contentHash": "bXJEZrW9ny8vjMF1JV253WeLhpEVzFo1lyaZu1vQ4ZxWUlVvknZ/+ftFgVheLubb4eZPSwwxBeqS1JkCOjxd8g=="
      }
    }
  }
}